
Microsoft Visual Studio Solution File, Format Version 12.00
# Visual Studio Version 16
VisualStudioVersion = 16.0.30225.117
MinimumVisualStudioVersion = 10.0.40219.1
Project("{FAE04EC0-301F-11D3-BF4B-00C04F79EFBC}") = "Choice Adventure", "Choice Adventure\Choice Adventure.csproj", "{4FA6151C-1A7C-4C45-AF55-3A0EED81F45B}"
EndProject
Global
	GlobalSection(SolutionConfigurationPlatforms) = preSolution
		Debug|Any CPU = Debug|Any CPU
		Release|Any CPU = Release|Any CPU
	EndGlobalSection
	GlobalSection(ProjectConfigurationPlatforms) = postSolution
		{4FA6151C-1A7C-4C45-AF55-3A0EED81F45B}.Debug|Any CPU.ActiveCfg = Debug|Any CPU
		{4FA6151C-1A7C-4C45-AF55-3A0EED81F45B}.Debug|Any CPU.Build.0 = Debug|Any CPU
		{4FA6151C-1A7C-4C45-AF55-3A0EED81F45B}.Release|Any CPU.ActiveCfg = Release|Any CPU
		{4FA6151C-1A7C-4C45-AF55-3A0EED81F45B}.Release|Any CPU.Build.0 = Release|Any CPU
	EndGlobalSection
	GlobalSection(SolutionProperties) = preSolution
		HideSolutionNode = FALSE
	EndGlobalSection
	GlobalSection(ExtensibilityGlobals) = postSolution
		SolutionGuid = {93AD5958-DDDE-48A1-8EA3-FB7B77627F0C}
	EndGlobalSection
EndGlobal
